// !$*UTF8*$!
{
	archiveVersion = 1;
	classes = {
	};
	objectVersion = 46;
	objects = {

/* Begin PBXBuildFile section */
		CB1852241EEA34A0001595B8 /* HappyNumberTest.swift in Sources */ = {isa = PBXBuildFile; fileRef = CB1852231EEA34A0001595B8 /* HappyNumberTest.swift */; };
		CB436CDF1EE6EEDD003FA289 /* FindTheDuplicateNumberTest.swift in Sources */ = {isa = PBXBuildFile; fileRef = CB436CDE1EE6EEDD003FA289 /* FindTheDuplicateNumberTest.swift */; };
		CB5AEF3B1F0203AB0081C628 /* SpiralMatrixTest.swift in Sources */ = {isa = PBXBuildFile; fileRef = CB5AEF3A1F0203AB0081C628 /* SpiralMatrixTest.swift */; };
		CB5AEF3D1F02529C0081C628 /* SpiralMatrixII.swift in Sources */ = {isa = PBXBuildFile; fileRef = CB5AEF3C1F02529C0081C628 /* SpiralMatrixII.swift */; };
		CB6053681ED54C910068B464 /* MissingNumber.swift in Sources */ = {isa = PBXBuildFile; fileRef = CB6053671ED54C910068B464 /* MissingNumber.swift */; };
		CB60536A1ED54D3D0068B464 /* MissingNumberTest.swift in Sources */ = {isa = PBXBuildFile; fileRef = CB6053691ED54D3D0068B464 /* MissingNumberTest.swift */; };
		CB6053811ED5573D0068B464 /* H-Index.swift in Sources */ = {isa = PBXBuildFile; fileRef = CB6053801ED5573D0068B464 /* H-Index.swift */; };
		CB6053831ED58DD30068B464 /* H-IndexTest.swift in Sources */ = {isa = PBXBuildFile; fileRef = CB6053821ED58DD30068B464 /* H-IndexTest.swift */; };
		CB6053861ED689350068B464 /* FindTheDuplicateNumber.swift in Sources */ = {isa = PBXBuildFile; fileRef = CB6053851ED689350068B464 /* FindTheDuplicateNumber.swift */; };
		CB643D451F4986AC0017E543 /* SprialMatrixIITest.swift in Sources */ = {isa = PBXBuildFile; fileRef = CB643D441F4986AC0017E543 /* SprialMatrixIITest.swift */; };
		CB643D471F499B4B0017E543 /* BestTimetoBuyandSellStockIII.swift in Sources */ = {isa = PBXBuildFile; fileRef = CB643D461F499B4B0017E543 /* BestTimetoBuyandSellStockIII.swift */; };
		CB643D491F499E9F0017E543 /* BestTimetoBuyandSellStockIIITest.swift in Sources */ = {isa = PBXBuildFile; fileRef = CB643D481F499E9F0017E543 /* BestTimetoBuyandSellStockIIITest.swift */; };
		CB643D4B1F49AF3F0017E543 /* BestTimetoBuyandSellStock.swift in Sources */ = {isa = PBXBuildFile; fileRef = CB643D4A1F49AF3F0017E543 /* BestTimetoBuyandSellStock.swift */; };
		CB643D4D1F49AFCA0017E543 /* BestTimetoBuyandSellStockTest.swift in Sources */ = {isa = PBXBuildFile; fileRef = CB643D4C1F49AFCA0017E543 /* BestTimetoBuyandSellStockTest.swift */; };
		CB643D4F1F49B1280017E543 /* BestTimetoBuyandSellStockII.swift in Sources */ = {isa = PBXBuildFile; fileRef = CB643D4E1F49B1280017E543 /* BestTimetoBuyandSellStockII.swift */; };
		CB643D511F49B1C50017E543 /* BestTimetoBuyandSellStockIITest.swift in Sources */ = {isa = PBXBuildFile; fileRef = CB643D501F49B1C50017E543 /* BestTimetoBuyandSellStockIITest.swift */; };
		CBC023851EF615A000188AED /* IntegertoRoman.swift in Sources */ = {isa = PBXBuildFile; fileRef = CBC023841EF615A000188AED /* IntegertoRoman.swift */; };
		CBC023871EF62CAC00188AED /* IntegerToRomanTest.swift in Sources */ = {isa = PBXBuildFile; fileRef = CBC023861EF62CAC00188AED /* IntegerToRomanTest.swift */; };
		CBC023891EF62FD800188AED /* SpiralMatrix.swift in Sources */ = {isa = PBXBuildFile; fileRef = CBC023881EF62FD800188AED /* SpiralMatrix.swift */; };
		CBDF30411F650787000C328C /* MergeSortedArray.swift in Sources */ = {isa = PBXBuildFile; fileRef = CBDF30401F650787000C328C /* MergeSortedArray.swift */; };
		CBDF30431F650B45000C328C /* MergeSortedArrayTest.swift in Sources */ = {isa = PBXBuildFile; fileRef = CBDF30421F650B45000C328C /* MergeSortedArrayTest.swift */; };
		CBDF30451F650FBD000C328C /* SameTree.swift in Sources */ = {isa = PBXBuildFile; fileRef = CBDF30441F650FBD000C328C /* SameTree.swift */; };
		CBDF30471F6510CB000C328C /* SameTreeTest.swift in Sources */ = {isa = PBXBuildFile; fileRef = CBDF30461F6510CB000C328C /* SameTreeTest.swift */; };
		CBDF304B1F651B9A000C328C /* ValidPalindrome.swift in Sources */ = {isa = PBXBuildFile; fileRef = CBDF304A1F651B9A000C328C /* ValidPalindrome.swift */; };
		CBDF304D1F65238A000C328C /* ValidPalindromeTest.swift in Sources */ = {isa = PBXBuildFile; fileRef = CBDF304C1F65238A000C328C /* ValidPalindromeTest.swift */; };
		CBDF304F1F653A01000C328C /* UglyNumber.swift in Sources */ = {isa = PBXBuildFile; fileRef = CBDF304E1F653A01000C328C /* UglyNumber.swift */; };
		CBDF30511F653BF2000C328C /* UglyNumberTest.swift in Sources */ = {isa = PBXBuildFile; fileRef = CBDF30501F653BF2000C328C /* UglyNumberTest.swift */; };
		CBDF30531F654B19000C328C /* UglyNumberII.swift in Sources */ = {isa = PBXBuildFile; fileRef = CBDF30521F654B19000C328C /* UglyNumberII.swift */; };
		CBDF30551F66DA78000C328C /* UglyNumberIITest.swift in Sources */ = {isa = PBXBuildFile; fileRef = CBDF30541F66DA78000C328C /* UglyNumberIITest.swift */; };
		CBDF30571F66E0E9000C328C /* MoveZeros.swift in Sources */ = {isa = PBXBuildFile; fileRef = CBDF30561F66E0E9000C328C /* MoveZeros.swift */; };
		CBDF30591F66E2D7000C328C /* MoveZerosTest.swift in Sources */ = {isa = PBXBuildFile; fileRef = CBDF30581F66E2D7000C328C /* MoveZerosTest.swift */; };
		CBDF305B1F66E5CA000C328C /* ClimbingStairs.swift in Sources */ = {isa = PBXBuildFile; fileRef = CBDF305A1F66E5CA000C328C /* ClimbingStairs.swift */; };
		CBDF305D1F66E62C000C328C /* ClimbingStairsTest.swift in Sources */ = {isa = PBXBuildFile; fileRef = CBDF305C1F66E62C000C328C /* ClimbingStairsTest.swift */; };
		CBE3BEFD1EE94F6D0040565B /* HappyNumber.swift in Sources */ = {isa = PBXBuildFile; fileRef = CBE3BEFC1EE94F6D0040565B /* HappyNumber.swift */; };
/* End PBXBuildFile section */

/* Begin PBXFileReference section */
		CB1852231EEA34A0001595B8 /* HappyNumberTest.swift */ = {isa = PBXFileReference; fileEncoding = 4; lastKnownFileType = sourcecode.swift; path = HappyNumberTest.swift; sourceTree = "<group>"; };
		CB436CDE1EE6EEDD003FA289 /* FindTheDuplicateNumberTest.swift */ = {isa = PBXFileReference; fileEncoding = 4; lastKnownFileType = sourcecode.swift; path = FindTheDuplicateNumberTest.swift; sourceTree = "<group>"; };
		CB5AEF3A1F0203AB0081C628 /* SpiralMatrixTest.swift */ = {isa = PBXFileReference; fileEncoding = 4; lastKnownFileType = sourcecode.swift; path = SpiralMatrixTest.swift; sourceTree = "<group>"; };
		CB5AEF3C1F02529C0081C628 /* SpiralMatrixII.swift */ = {isa = PBXFileReference; fileEncoding = 4; lastKnownFileType = sourcecode.swift; path = SpiralMatrixII.swift; sourceTree = "<group>"; };
		CB60535F1ED54C3A0068B464 /* LeetCodeTests.xctest */ = {isa = PBXFileReference; explicitFileType = wrapper.cfbundle; includeInIndex = 0; path = LeetCodeTests.xctest; sourceTree = BUILT_PRODUCTS_DIR; };
		CB6053631ED54C3A0068B464 /* Info.plist */ = {isa = PBXFileReference; lastKnownFileType = text.plist.xml; path = Info.plist; sourceTree = "<group>"; };
		CB6053671ED54C910068B464 /* MissingNumber.swift */ = {isa = PBXFileReference; fileEncoding = 4; lastKnownFileType = sourcecode.swift; path = MissingNumber.swift; sourceTree = "<group>"; };
		CB6053691ED54D3D0068B464 /* MissingNumberTest.swift */ = {isa = PBXFileReference; fileEncoding = 4; lastKnownFileType = sourcecode.swift; path = MissingNumberTest.swift; sourceTree = "<group>"; };
		CB6053801ED5573D0068B464 /* H-Index.swift */ = {isa = PBXFileReference; fileEncoding = 4; lastKnownFileType = sourcecode.swift; path = "H-Index.swift"; sourceTree = "<group>"; };
		CB6053821ED58DD30068B464 /* H-IndexTest.swift */ = {isa = PBXFileReference; fileEncoding = 4; lastKnownFileType = sourcecode.swift; path = "H-IndexTest.swift"; sourceTree = "<group>"; };
		CB6053851ED689350068B464 /* FindTheDuplicateNumber.swift */ = {isa = PBXFileReference; fileEncoding = 4; lastKnownFileType = sourcecode.swift; path = FindTheDuplicateNumber.swift; sourceTree = "<group>"; };
		CB643D441F4986AC0017E543 /* SprialMatrixIITest.swift */ = {isa = PBXFileReference; fileEncoding = 4; lastKnownFileType = sourcecode.swift; path = SprialMatrixIITest.swift; sourceTree = "<group>"; };
		CB643D461F499B4B0017E543 /* BestTimetoBuyandSellStockIII.swift */ = {isa = PBXFileReference; fileEncoding = 4; lastKnownFileType = sourcecode.swift; path = BestTimetoBuyandSellStockIII.swift; sourceTree = "<group>"; };
		CB643D481F499E9F0017E543 /* BestTimetoBuyandSellStockIIITest.swift */ = {isa = PBXFileReference; fileEncoding = 4; lastKnownFileType = sourcecode.swift; path = BestTimetoBuyandSellStockIIITest.swift; sourceTree = "<group>"; };
		CB643D4A1F49AF3F0017E543 /* BestTimetoBuyandSellStock.swift */ = {isa = PBXFileReference; fileEncoding = 4; lastKnownFileType = sourcecode.swift; path = BestTimetoBuyandSellStock.swift; sourceTree = "<group>"; };
		CB643D4C1F49AFCA0017E543 /* BestTimetoBuyandSellStockTest.swift */ = {isa = PBXFileReference; fileEncoding = 4; lastKnownFileType = sourcecode.swift; path = BestTimetoBuyandSellStockTest.swift; sourceTree = "<group>"; };
		CB643D4E1F49B1280017E543 /* BestTimetoBuyandSellStockII.swift */ = {isa = PBXFileReference; fileEncoding = 4; lastKnownFileType = sourcecode.swift; path = BestTimetoBuyandSellStockII.swift; sourceTree = "<group>"; };
		CB643D501F49B1C50017E543 /* BestTimetoBuyandSellStockIITest.swift */ = {isa = PBXFileReference; fileEncoding = 4; lastKnownFileType = sourcecode.swift; path = BestTimetoBuyandSellStockIITest.swift; sourceTree = "<group>"; };
		CBC023841EF615A000188AED /* IntegertoRoman.swift */ = {isa = PBXFileReference; fileEncoding = 4; lastKnownFileType = sourcecode.swift; path = IntegertoRoman.swift; sourceTree = "<group>"; };
		CBC023861EF62CAC00188AED /* IntegerToRomanTest.swift */ = {isa = PBXFileReference; fileEncoding = 4; lastKnownFileType = sourcecode.swift; path = IntegerToRomanTest.swift; sourceTree = "<group>"; };
		CBC023881EF62FD800188AED /* SpiralMatrix.swift */ = {isa = PBXFileReference; fileEncoding = 4; lastKnownFileType = sourcecode.swift; path = SpiralMatrix.swift; sourceTree = "<group>"; };
		CBDF30401F650787000C328C /* MergeSortedArray.swift */ = {isa = PBXFileReference; fileEncoding = 4; lastKnownFileType = sourcecode.swift; path = MergeSortedArray.swift; sourceTree = "<group>"; };
		CBDF30421F650B45000C328C /* MergeSortedArrayTest.swift */ = {isa = PBXFileReference; fileEncoding = 4; lastKnownFileType = sourcecode.swift; path = MergeSortedArrayTest.swift; sourceTree = "<group>"; };
		CBDF30441F650FBD000C328C /* SameTree.swift */ = {isa = PBXFileReference; fileEncoding = 4; lastKnownFileType = sourcecode.swift; path = SameTree.swift; sourceTree = "<group>"; };
		CBDF30461F6510CB000C328C /* SameTreeTest.swift */ = {isa = PBXFileReference; fileEncoding = 4; lastKnownFileType = sourcecode.swift; path = SameTreeTest.swift; sourceTree = "<group>"; };
		CBDF304A1F651B9A000C328C /* ValidPalindrome.swift */ = {isa = PBXFileReference; fileEncoding = 4; lastKnownFileType = sourcecode.swift; path = ValidPalindrome.swift; sourceTree = "<group>"; };
		CBDF304C1F65238A000C328C /* ValidPalindromeTest.swift */ = {isa = PBXFileReference; fileEncoding = 4; lastKnownFileType = sourcecode.swift; path = ValidPalindromeTest.swift; sourceTree = "<group>"; };
		CBDF304E1F653A01000C328C /* UglyNumber.swift */ = {isa = PBXFileReference; fileEncoding = 4; lastKnownFileType = sourcecode.swift; path = UglyNumber.swift; sourceTree = "<group>"; };
		CBDF30501F653BF2000C328C /* UglyNumberTest.swift */ = {isa = PBXFileReference; fileEncoding = 4; lastKnownFileType = sourcecode.swift; path = UglyNumberTest.swift; sourceTree = "<group>"; };
		CBDF30521F654B19000C328C /* UglyNumberII.swift */ = {isa = PBXFileReference; fileEncoding = 4; lastKnownFileType = sourcecode.swift; path = UglyNumberII.swift; sourceTree = "<group>"; };
		CBDF30541F66DA78000C328C /* UglyNumberIITest.swift */ = {isa = PBXFileReference; fileEncoding = 4; lastKnownFileType = sourcecode.swift; path = UglyNumberIITest.swift; sourceTree = "<group>"; };
		CBDF30561F66E0E9000C328C /* MoveZeros.swift */ = {isa = PBXFileReference; fileEncoding = 4; lastKnownFileType = sourcecode.swift; path = MoveZeros.swift; sourceTree = "<group>"; };
		CBDF30581F66E2D7000C328C /* MoveZerosTest.swift */ = {isa = PBXFileReference; fileEncoding = 4; lastKnownFileType = sourcecode.swift; path = MoveZerosTest.swift; sourceTree = "<group>"; };
		CBDF305A1F66E5CA000C328C /* ClimbingStairs.swift */ = {isa = PBXFileReference; fileEncoding = 4; lastKnownFileType = sourcecode.swift; path = ClimbingStairs.swift; sourceTree = "<group>"; };
		CBDF305C1F66E62C000C328C /* ClimbingStairsTest.swift */ = {isa = PBXFileReference; fileEncoding = 4; lastKnownFileType = sourcecode.swift; path = ClimbingStairsTest.swift; sourceTree = "<group>"; };
		CBE3BEFC1EE94F6D0040565B /* HappyNumber.swift */ = {isa = PBXFileReference; fileEncoding = 4; lastKnownFileType = sourcecode.swift; path = HappyNumber.swift; sourceTree = "<group>"; };
/* End PBXFileReference section */

/* Begin PBXFrameworksBuildPhase section */
		CB60535C1ED54C3A0068B464 /* Frameworks */ = {
			isa = PBXFrameworksBuildPhase;
			buildActionMask = 2147483647;
			files = (
			);
			runOnlyForDeploymentPostprocessing = 0;
		};
/* End PBXFrameworksBuildPhase section */

/* Begin PBXGroup section */
		CB6053481ED54BFD0068B464 = {
			isa = PBXGroup;
			children = (
				CB6053531ED54BFD0068B464 /* LeetCode */,
				CB6053601ED54C3A0068B464 /* LeetCodeTests */,
				CB6053521ED54BFD0068B464 /* Products */,
			);
			sourceTree = "<group>";
		};
		CB6053521ED54BFD0068B464 /* Products */ = {
			isa = PBXGroup;
			children = (
				CB60535F1ED54C3A0068B464 /* LeetCodeTests.xctest */,
			);
			name = Products;
			sourceTree = "<group>";
		};
		CB6053531ED54BFD0068B464 /* LeetCode */ = {
			isa = PBXGroup;
			children = (
				CB6053671ED54C910068B464 /* MissingNumber.swift */,
				CB6053801ED5573D0068B464 /* H-Index.swift */,
				CB6053851ED689350068B464 /* FindTheDuplicateNumber.swift */,
				CBE3BEFC1EE94F6D0040565B /* HappyNumber.swift */,
				CBC023841EF615A000188AED /* IntegertoRoman.swift */,
				CBC023881EF62FD800188AED /* SpiralMatrix.swift */,
				CB5AEF3C1F02529C0081C628 /* SpiralMatrixII.swift */,
				CB643D4A1F49AF3F0017E543 /* BestTimetoBuyandSellStock.swift */,
				CB643D4E1F49B1280017E543 /* BestTimetoBuyandSellStockII.swift */,
				CB643D461F499B4B0017E543 /* BestTimetoBuyandSellStockIII.swift */,
				CBDF30401F650787000C328C /* MergeSortedArray.swift */,
				CBDF30441F650FBD000C328C /* SameTree.swift */,
				CBDF304A1F651B9A000C328C /* ValidPalindrome.swift */,
				CBDF304E1F653A01000C328C /* UglyNumber.swift */,
				CBDF30521F654B19000C328C /* UglyNumberII.swift */,
				CBDF30561F66E0E9000C328C /* MoveZeros.swift */,
				CBDF305A1F66E5CA000C328C /* ClimbingStairs.swift */,
			);
			path = LeetCode;
			sourceTree = "<group>";
		};
		CB6053601ED54C3A0068B464 /* LeetCodeTests */ = {
			isa = PBXGroup;
			children = (
				CB6053691ED54D3D0068B464 /* MissingNumberTest.swift */,
				CB436CDE1EE6EEDD003FA289 /* FindTheDuplicateNumberTest.swift */,
				CB1852231EEA34A0001595B8 /* HappyNumberTest.swift */,
				CB6053821ED58DD30068B464 /* H-IndexTest.swift */,
				CBC023861EF62CAC00188AED /* IntegerToRomanTest.swift */,
				CB5AEF3A1F0203AB0081C628 /* SpiralMatrixTest.swift */,
				CB643D441F4986AC0017E543 /* SprialMatrixIITest.swift */,
				CB643D4C1F49AFCA0017E543 /* BestTimetoBuyandSellStockTest.swift */,
				CB643D501F49B1C50017E543 /* BestTimetoBuyandSellStockIITest.swift */,
				CB643D481F499E9F0017E543 /* BestTimetoBuyandSellStockIIITest.swift */,
				CBDF30421F650B45000C328C /* MergeSortedArrayTest.swift */,
				CBDF30461F6510CB000C328C /* SameTreeTest.swift */,
				CBDF304C1F65238A000C328C /* ValidPalindromeTest.swift */,
				CBDF30501F653BF2000C328C /* UglyNumberTest.swift */,
				CBDF30541F66DA78000C328C /* UglyNumberIITest.swift */,
				CBDF30581F66E2D7000C328C /* MoveZerosTest.swift */,
				CBDF305C1F66E62C000C328C /* ClimbingStairsTest.swift */,
				CB6053631ED54C3A0068B464 /* Info.plist */,
			);
			path = LeetCodeTests;
			sourceTree = "<group>";
		};
/* End PBXGroup section */

/* Begin PBXNativeTarget section */
		CB60535E1ED54C3A0068B464 /* LeetCodeTests */ = {
			isa = PBXNativeTarget;
			buildConfigurationList = CB6053641ED54C3A0068B464 /* Build configuration list for PBXNativeTarget "LeetCodeTests" */;
			buildPhases = (
				CB60535B1ED54C3A0068B464 /* Sources */,
				CB60535C1ED54C3A0068B464 /* Frameworks */,
				CB60535D1ED54C3A0068B464 /* Resources */,
			);
			buildRules = (
			);
			dependencies = (
			);
			name = LeetCodeTests;
			productName = LeetCodeTests;
			productReference = CB60535F1ED54C3A0068B464 /* LeetCodeTests.xctest */;
			productType = "com.apple.product-type.bundle.unit-test";
		};
/* End PBXNativeTarget section */

/* Begin PBXProject section */
		CB6053491ED54BFD0068B464 /* Project object */ = {
			isa = PBXProject;
			attributes = {
				LastSwiftUpdateCheck = 0800;
				LastUpgradeCheck = 0800;
				ORGANIZATIONNAME = "You Tu";
				TargetAttributes = {
					CB60535E1ED54C3A0068B464 = {
						CreatedOnToolsVersion = 8.0;
						DevelopmentTeam = 7ETABE4KN7;
						ProvisioningStyle = Automatic;
					};
				};
			};
			buildConfigurationList = CB60534C1ED54BFD0068B464 /* Build configuration list for PBXProject "LeetCode" */;
			compatibilityVersion = "Xcode 3.2";
			developmentRegion = English;
			hasScannedForEncodings = 0;
			knownRegions = (
				en,
			);
			mainGroup = CB6053481ED54BFD0068B464;
			productRefGroup = CB6053521ED54BFD0068B464 /* Products */;
			projectDirPath = "";
			projectRoot = "";
			targets = (
				CB60535E1ED54C3A0068B464 /* LeetCodeTests */,
			);
		};
/* End PBXProject section */

/* Begin PBXResourcesBuildPhase section */
		CB60535D1ED54C3A0068B464 /* Resources */ = {
			isa = PBXResourcesBuildPhase;
			buildActionMask = 2147483647;
			files = (
			);
			runOnlyForDeploymentPostprocessing = 0;
		};
/* End PBXResourcesBuildPhase section */

/* Begin PBXSourcesBuildPhase section */
		CB60535B1ED54C3A0068B464 /* Sources */ = {
			isa = PBXSourcesBuildPhase;
			buildActionMask = 2147483647;
			files = (
				CB6053861ED689350068B464 /* FindTheDuplicateNumber.swift in Sources */,
				CBDF30511F653BF2000C328C /* UglyNumberTest.swift in Sources */,
				CB643D4D1F49AFCA0017E543 /* BestTimetoBuyandSellStockTest.swift in Sources */,
				CB6053811ED5573D0068B464 /* H-Index.swift in Sources */,
				CB643D4F1F49B1280017E543 /* BestTimetoBuyandSellStockII.swift in Sources */,
				CBDF305B1F66E5CA000C328C /* ClimbingStairs.swift in Sources */,
				CBC023891EF62FD800188AED /* SpiralMatrix.swift in Sources */,
				CB643D491F499E9F0017E543 /* BestTimetoBuyandSellStockIIITest.swift in Sources */,
				CB6053831ED58DD30068B464 /* H-IndexTest.swift in Sources */,
				CBC023871EF62CAC00188AED /* IntegerToRomanTest.swift in Sources */,
				CBDF30551F66DA78000C328C /* UglyNumberIITest.swift in Sources */,
				CBDF30451F650FBD000C328C /* SameTree.swift in Sources */,
				CB1852241EEA34A0001595B8 /* HappyNumberTest.swift in Sources */,
				CBE3BEFD1EE94F6D0040565B /* HappyNumber.swift in Sources */,
				CB60536A1ED54D3D0068B464 /* MissingNumberTest.swift in Sources */,
				CB436CDF1EE6EEDD003FA289 /* FindTheDuplicateNumberTest.swift in Sources */,
				CB643D451F4986AC0017E543 /* SprialMatrixIITest.swift in Sources */,
				CBDF305D1F66E62C000C328C /* ClimbingStairsTest.swift in Sources */,
				CBDF30431F650B45000C328C /* MergeSortedArrayTest.swift in Sources */,
				CB5AEF3D1F02529C0081C628 /* SpiralMatrixII.swift in Sources */,
				CBDF30531F654B19000C328C /* UglyNumberII.swift in Sources */,
				CB5AEF3B1F0203AB0081C628 /* SpiralMatrixTest.swift in Sources */,
				CBDF304D1F65238A000C328C /* ValidPalindromeTest.swift in Sources */,
				CBDF30571F66E0E9000C328C /* MoveZeros.swift in Sources */,
				CB643D4B1F49AF3F0017E543 /* BestTimetoBuyandSellStock.swift in Sources */,
				CBDF30411F650787000C328C /* MergeSortedArray.swift in Sources */,
				CBDF30591F66E2D7000C328C /* MoveZerosTest.swift in Sources */,
				CBDF30471F6510CB000C328C /* SameTreeTest.swift in Sources */,
				CBDF304F1F653A01000C328C /* UglyNumber.swift in Sources */,
				CB643D471F499B4B0017E543 /* BestTimetoBuyandSellStockIII.swift in Sources */,
				CB643D511F49B1C50017E543 /* BestTimetoBuyandSellStockIITest.swift in Sources */,
				CBDF304B1F651B9A000C328C /* ValidPalindrome.swift in Sources */,
				CBC023851EF615A000188AED /* IntegertoRoman.swift in Sources */,
				CB6053681ED54C910068B464 /* MissingNumber.swift in Sources */,
			);
			runOnlyForDeploymentPostprocessing = 0;
		};
/* End PBXSourcesBuildPhase section */

/* Begin XCBuildConfiguration section */
		CB6053561ED54BFD0068B464 /* Debug */ = {
			isa = XCBuildConfiguration;
			buildSettings = {
				ALWAYS_SEARCH_USER_PATHS = NO;
				CLANG_ANALYZER_NONNULL = YES;
				CLANG_CXX_LANGUAGE_STANDARD = "gnu++0x";
				CLANG_CXX_LIBRARY = "libc++";
				CLANG_ENABLE_MODULES = YES;
				CLANG_ENABLE_OBJC_ARC = YES;
				CLANG_WARN_BOOL_CONVERSION = YES;
				CLANG_WARN_CONSTANT_CONVERSION = YES;
				CLANG_WARN_DIRECT_OBJC_ISA_USAGE = YES_ERROR;
				CLANG_WARN_DOCUMENTATION_COMMENTS = YES;
				CLANG_WARN_EMPTY_BODY = YES;
				CLANG_WARN_ENUM_CONVERSION = YES;
				CLANG_WARN_INFINITE_RECURSION = YES;
				CLANG_WARN_INT_CONVERSION = YES;
				CLANG_WARN_OBJC_ROOT_CLASS = YES_ERROR;
				CLANG_WARN_SUSPICIOUS_MOVES = YES;
				CLANG_WARN_UNREACHABLE_CODE = YES;
				CLANG_WARN__DUPLICATE_METHOD_MATCH = YES;
				CODE_SIGN_IDENTITY = "-";
				COPY_PHASE_STRIP = NO;
				DEBUG_INFORMATION_FORMAT = dwarf;
				ENABLE_STRICT_OBJC_MSGSEND = YES;
				ENABLE_TESTABILITY = YES;
				GCC_C_LANGUAGE_STANDARD = gnu99;
				GCC_DYNAMIC_NO_PIC = NO;
				GCC_NO_COMMON_BLOCKS = YES;
				GCC_OPTIMIZATION_LEVEL = 0;
				GCC_PREPROCESSOR_DEFINITIONS = (
					"DEBUG=1",
					"$(inherited)",
				);
				GCC_WARN_64_TO_32_BIT_CONVERSION = YES;
				GCC_WARN_ABOUT_RETURN_TYPE = YES_ERROR;
				GCC_WARN_UNDECLARED_SELECTOR = YES;
				GCC_WARN_UNINITIALIZED_AUTOS = YES_AGGRESSIVE;
				GCC_WARN_UNUSED_FUNCTION = YES;
				GCC_WARN_UNUSED_VARIABLE = YES;
				MACOSX_DEPLOYMENT_TARGET = 10.12;
				MTL_ENABLE_DEBUG_INFO = YES;
				ONLY_ACTIVE_ARCH = YES;
				SDKROOT = macosx;
				SWIFT_OPTIMIZATION_LEVEL = "-Onone";
			};
			name = Debug;
		};
		CB6053571ED54BFD0068B464 /* Release */ = {
			isa = XCBuildConfiguration;
			buildSettings = {
				ALWAYS_SEARCH_USER_PATHS = NO;
				CLANG_ANALYZER_NONNULL = YES;
				CLANG_CXX_LANGUAGE_STANDARD = "gnu++0x";
				CLANG_CXX_LIBRARY = "libc++";
				CLANG_ENABLE_MODULES = YES;
				CLANG_ENABLE_OBJC_ARC = YES;
				CLANG_WARN_BOOL_CONVERSION = YES;
				CLANG_WARN_CONSTANT_CONVERSION = YES;
				CLANG_WARN_DIRECT_OBJC_ISA_USAGE = YES_ERROR;
				CLANG_WARN_DOCUMENTATION_COMMENTS = YES;
				CLANG_WARN_EMPTY_BODY = YES;
				CLANG_WARN_ENUM_CONVERSION = YES;
				CLANG_WARN_INFINITE_RECURSION = YES;
				CLANG_WARN_INT_CONVERSION = YES;
				CLANG_WARN_OBJC_ROOT_CLASS = YES_ERROR;
				CLANG_WARN_SUSPICIOUS_MOVES = YES;
				CLANG_WARN_UNREACHABLE_CODE = YES;
				CLANG_WARN__DUPLICATE_METHOD_MATCH = YES;
				CODE_SIGN_IDENTITY = "-";
				COPY_PHASE_STRIP = NO;
				DEBUG_INFORMATION_FORMAT = "dwarf-with-dsym";
				ENABLE_NS_ASSERTIONS = NO;
				ENABLE_STRICT_OBJC_MSGSEND = YES;
				GCC_C_LANGUAGE_STANDARD = gnu99;
				GCC_NO_COMMON_BLOCKS = YES;
				GCC_WARN_64_TO_32_BIT_CONVERSION = YES;
				GCC_WARN_ABOUT_RETURN_TYPE = YES_ERROR;
				GCC_WARN_UNDECLARED_SELECTOR = YES;
				GCC_WARN_UNINITIALIZED_AUTOS = YES_AGGRESSIVE;
				GCC_WARN_UNUSED_FUNCTION = YES;
				GCC_WARN_UNUSED_VARIABLE = YES;
				MACOSX_DEPLOYMENT_TARGET = 10.12;
				MTL_ENABLE_DEBUG_INFO = NO;
				SDKROOT = macosx;
			};
			name = Release;
		};
		CB6053651ED54C3A0068B464 /* Debug */ = {
			isa = XCBuildConfiguration;
			buildSettings = {
				COMBINE_HIDPI_IMAGES = YES;
				DEVELOPMENT_TEAM = 7ETABE4KN7;
				INFOPLIST_FILE = LeetCodeTests/Info.plist;
				LD_RUNPATH_SEARCH_PATHS = "$(inherited) @executable_path/../Frameworks @loader_path/../Frameworks";
				PRODUCT_BUNDLE_IDENTIFIER = TY.LeetCodeTests;
				PRODUCT_NAME = "$(TARGET_NAME)";
				SWIFT_ACTIVE_COMPILATION_CONDITIONS = DEBUG;
				SWIFT_VERSION = 3.0;
			};
			name = Debug;
		};
		CB6053661ED54C3A0068B464 /* Release */ = {
			isa = XCBuildConfiguration;
			buildSettings = {
				COMBINE_HIDPI_IMAGES = YES;
				DEVELOPMENT_TEAM = 7ETABE4KN7;
				INFOPLIST_FILE = LeetCodeTests/Info.plist;
				LD_RUNPATH_SEARCH_PATHS = "$(inherited) @executable_path/../Frameworks @loader_path/../Frameworks";
				PRODUCT_BUNDLE_IDENTIFIER = TY.LeetCodeTests;
				PRODUCT_NAME = "$(TARGET_NAME)";
				SWIFT_OPTIMIZATION_LEVEL = "-Owholemodule";
				SWIFT_VERSION = 3.0;
			};
			name = Release;
		};
/* End XCBuildConfiguration section */

/* Begin XCConfigurationList section */
		CB60534C1ED54BFD0068B464 /* Build configuration list for PBXProject "LeetCode" */ = {
			isa = XCConfigurationList;
			buildConfigurations = (
				CB6053561ED54BFD0068B464 /* Debug */,
				CB6053571ED54BFD0068B464 /* Release */,
			);
			defaultConfigurationIsVisible = 0;
			defaultConfigurationName = Release;
		};
		CB6053641ED54C3A0068B464 /* Build configuration list for PBXNativeTarget "LeetCodeTests" */ = {
			isa = XCConfigurationList;
			buildConfigurations = (
				CB6053651ED54C3A0068B464 /* Debug */,
				CB6053661ED54C3A0068B464 /* Release */,
			);
			defaultConfigurationIsVisible = 0;
			defaultConfigurationName = Release;
		};
/* End XCConfigurationList section */
	};
	rootObject = CB6053491ED54BFD0068B464 /* Project object */;
}
